# This file is automatically @generated by Poetry 1.8.5 and should not be changed by hand.

[[package]]
name = "pyfirmata2"
version = "2.5.1"
description = "Use your Arduino as a data acquisition card under Python"
optional = false
python-versions = "*"
files = [
    {file = "pyFirmata2-2.5.1-py3-none-any.whl", hash = "sha256:0b5479b152afb6902b5c7c458d4fd496957776db98287e4b317c21269ebe908e"},
    {file = "pyFirmata2-2.5.1.tar.gz", hash = "sha256:5ef8fc5caec084e72c6b7f199362a743854c9bd63a93cacbaa0c7bbb99efef75"},
]

[package.dependencies]
pyserial = "*"

[[package]]
name = "pyserial"
version = "3.5"
description = "Python Serial Port Extension"
optional = false
python-versions = "*"
files = [
    {file = "pyserial-3.5-py2.py3-none-any.whl", hash = "sha256:c4451db6ba391ca6ca299fb3ec7bae67a5c55dde170964c7a14ceefec02f2cf0"},
    {file = "pyserial-3.5.tar.gz", hash = "sha256:3c77e014170dfffbd816e6ffc205e9842efb10be9f58ec16d3e8675b4925cddb"},
]

[package.extras]
cp2110 = ["hidapi"]

[metadata]
lock-version = "2.0"
python-versions = "^3.11"
content-hash = "5a05e540f3ada369e707ef94e90781eb5eb4a0c4220b1bb60e6ad68bd6ed2f27"
